
Microsoft Visual Studio Solution File, Format Version 12.00
# Visual Studio Version 17
VisualStudioVersion = 17.7.34031.279
MinimumVisualStudioVersion = 10.0.40219.1
Project("{9A19103F-16F7-4668-BE54-9A1E7A4F7556}") = "怪物死亡掉落随机物品和自定义", "怪物死亡掉落随机物品和自定义.csproj", "{8C873EDF-C91C-4821-BBAA-047D54F4F9A5}"
EndProject
Global
	GlobalSection(SolutionConfigurationPlatforms) = preSolution
		Debug|Any CPU = Debug|Any CPU
		Release|Any CPU = Release|Any CPU
	EndGlobalSection
	GlobalSection(ProjectConfigurationPlatforms) = postSolution
		{8C873EDF-C91C-4821-BBAA-047D54F4F9A5}.Debug|Any CPU.ActiveCfg = Debug|Any CPU
		{8C873EDF-C91C-4821-BBAA-047D54F4F9A5}.Debug|Any CPU.Build.0 = Debug|Any CPU
		{8C873EDF-C91C-4821-BBAA-047D54F4F9A5}.Release|Any CPU.ActiveCfg = Release|Any CPU
		{8C873EDF-C91C-4821-BBAA-047D54F4F9A5}.Release|Any CPU.Build.0 = Release|Any CPU
	EndGlobalSection
	GlobalSection(SolutionProperties) = preSolution
		HideSolutionNode = FALSE
	EndGlobalSection
	GlobalSection(ExtensibilityGlobals) = postSolution
		SolutionGuid = {A0691BEF-AA18-4FD0-B460-AD89099EAE63}
	EndGlobalSection
EndGlobal
